
Microsoft Visual Studio Solution File, Format Version 12.00
# Visual Studio Version 17
VisualStudioVersion = 17.0.31903.59
MinimumVisualStudioVersion = 10.0.40219.1
Project("{9A19103F-16F7-4668-BE54-9A1E7A4F7556}") = "Top10MediaApi", "Top10MediaApi.csproj", "{731E88EE-B5D0-40F6-9F00-989B4CA5E31E}"
EndProject
Project("{FAE04EC0-301F-11D3-BF4B-00C04F79EFBC}") = "Top10MediaApi.Tests", "C:\Users\user\source\repos\Top10MediaApi.Tests\Top10MediaApi.Tests.csproj", "{8FB69E05-A7AF-4DFD-B96B-022A8C6FA392}"
EndProject
Global
	GlobalSection(SolutionConfigurationPlatforms) = preSolution
		Debug|Any CPU = Debug|Any CPU
		Release|Any CPU = Release|Any CPU
	EndGlobalSection
	GlobalSection(ProjectConfigurationPlatforms) = postSolution
		{731E88EE-B5D0-40F6-9F00-989B4CA5E31E}.Debug|Any CPU.ActiveCfg = Debug|Any CPU
		{731E88EE-B5D0-40F6-9F00-989B4CA5E31E}.Debug|Any CPU.Build.0 = Debug|Any CPU
		{731E88EE-B5D0-40F6-9F00-989B4CA5E31E}.Release|Any CPU.ActiveCfg = Release|Any CPU
		{731E88EE-B5D0-40F6-9F00-989B4CA5E31E}.Release|Any CPU.Build.0 = Release|Any CPU
		{8FB69E05-A7AF-4DFD-B96B-022A8C6FA392}.Debug|Any CPU.ActiveCfg = Debug|Any CPU
		{8FB69E05-A7AF-4DFD-B96B-022A8C6FA392}.Debug|Any CPU.Build.0 = Debug|Any CPU
		{8FB69E05-A7AF-4DFD-B96B-022A8C6FA392}.Release|Any CPU.ActiveCfg = Release|Any CPU
		{8FB69E05-A7AF-4DFD-B96B-022A8C6FA392}.Release|Any CPU.Build.0 = Release|Any CPU
	EndGlobalSection
	GlobalSection(SolutionProperties) = preSolution
		HideSolutionNode = FALSE
	EndGlobalSection
	GlobalSection(ExtensibilityGlobals) = postSolution
		SolutionGuid = {757F4369-1121-4720-8B7B-629C1972E4B0}
	EndGlobalSection
EndGlobal
